
Microsoft Visual Studio Solution File, Format Version 12.00
# Visual Studio Version 16
VisualStudioVersion = 16.0.30503.244
MinimumVisualStudioVersion = 10.0.40219.1
Project("{9A19103F-16F7-4668-BE54-9A1E7A4F7556}") = "FitnessTracker", "FitnessTracker\FitnessTracker.csproj", "{40322F94-59D3-4BBB-8015-8C30832E6FF9}"
EndProject
Project("{9A19103F-16F7-4668-BE54-9A1E7A4F7556}") = "Database", "Database\Database.csproj", "{07CC5880-9CDB-4123-AB77-C6B2A7A328A1}"
EndProject
Project("{9A19103F-16F7-4668-BE54-9A1E7A4F7556}") = "FitnessTrackerTests", "FitnessTrackerTests\FitnessTrackerTests.csproj", "{26E21ABD-8B27-45ED-9614-EA5D1701C560}"
EndProject
Project("{9A19103F-16F7-4668-BE54-9A1E7A4F7556}") = "Models", "Models\Models.csproj", "{773CA1D7-D7D9-4255-AF1B-5E6DAD62467A}"
EndProject
Global
	GlobalSection(SolutionConfigurationPlatforms) = preSolution
		Debug|Any CPU = Debug|Any CPU
		Release|Any CPU = Release|Any CPU
	EndGlobalSection
	GlobalSection(ProjectConfigurationPlatforms) = postSolution
		{40322F94-59D3-4BBB-8015-8C30832E6FF9}.Debug|Any CPU.ActiveCfg = Debug|Any CPU
		{40322F94-59D3-4BBB-8015-8C30832E6FF9}.Debug|Any CPU.Build.0 = Debug|Any CPU
		{40322F94-59D3-4BBB-8015-8C30832E6FF9}.Release|Any CPU.ActiveCfg = Release|Any CPU
		{40322F94-59D3-4BBB-8015-8C30832E6FF9}.Release|Any CPU.Build.0 = Release|Any CPU
		{07CC5880-9CDB-4123-AB77-C6B2A7A328A1}.Debug|Any CPU.ActiveCfg = Debug|Any CPU
		{07CC5880-9CDB-4123-AB77-C6B2A7A328A1}.Debug|Any CPU.Build.0 = Debug|Any CPU
		{07CC5880-9CDB-4123-AB77-C6B2A7A328A1}.Release|Any CPU.ActiveCfg = Release|Any CPU
		{07CC5880-9CDB-4123-AB77-C6B2A7A328A1}.Release|Any CPU.Build.0 = Release|Any CPU
		{26E21ABD-8B27-45ED-9614-EA5D1701C560}.Debug|Any CPU.ActiveCfg = Debug|Any CPU
		{26E21ABD-8B27-45ED-9614-EA5D1701C560}.Debug|Any CPU.Build.0 = Debug|Any CPU
		{26E21ABD-8B27-45ED-9614-EA5D1701C560}.Release|Any CPU.ActiveCfg = Release|Any CPU
		{26E21ABD-8B27-45ED-9614-EA5D1701C560}.Release|Any CPU.Build.0 = Release|Any CPU
		{773CA1D7-D7D9-4255-AF1B-5E6DAD62467A}.Debug|Any CPU.ActiveCfg = Debug|Any CPU
		{773CA1D7-D7D9-4255-AF1B-5E6DAD62467A}.Debug|Any CPU.Build.0 = Debug|Any CPU
		{773CA1D7-D7D9-4255-AF1B-5E6DAD62467A}.Release|Any CPU.ActiveCfg = Release|Any CPU
		{773CA1D7-D7D9-4255-AF1B-5E6DAD62467A}.Release|Any CPU.Build.0 = Release|Any CPU
	EndGlobalSection
	GlobalSection(SolutionProperties) = preSolution
		HideSolutionNode = FALSE
	EndGlobalSection
	GlobalSection(ExtensibilityGlobals) = postSolution
		SolutionGuid = {41490B08-E776-42F6-A245-D0AA2EE32FEC}
	EndGlobalSection
EndGlobal
